{
  "lib/devtools": {
    "rev": "270a49d03f223523c9ae2b1900a490f8ba083bdc"
  },
  "lib/forge-std": {
    "tag": {
      "name": "v1.12.0",
      "rev": "7117c90c8cf6c68e5acce4f09a6b24715cea4de6"
    }
  },
  "lib/openzeppelin-contracts": {
    "tag": {
      "name": "v4.9.5",
      "rev": "bd325d56b4c62c9c5c1aff048c37c6bb18ac0290"
    }
  },
  "lib/LayerZero-v2": {
    "rev": "ab9b083410b9359285a5756807e1b6145d4711a7"
  }
}